PODS:
  - ChromaColorPicker (2.0.2)
  - MobileVLCKit (3.6.0)

DEPENDENCIES:
  - ChromaColorPicker (~> 2.0.2)
  - MobileVLCKit (~> 3.6.0)

SPEC REPOS:
  trunk:
    - ChromaColorPicker
    - MobileVLCKit

SPEC CHECKSUMS:
  ChromaColorPicker: 307585f2dc23d4d72f24cad320c1e08825cb5c09
  MobileVLCKit: 8fe98ae53b7464f32e4bdf527cc7d53053e4d3a5

PODFILE CHECKSUM: a7833544e1d044fa4ce5edce9efec69f09f99fd1

COCOAPODS: 1.14.3
