PODS:
  - ChromaColorPicker (2.0.2)
  - InAppSettingsKit (3.3.6)
  - MobileVLCKit (3.5.1)
  - Popovers (1.3.0)

DEPENDENCIES:
  - ChromaColorPicker (~> 2.0.2)
  - InAppSettingsKit (~> 3.3.5)
  - MobileVLCKit (~> 3.5.1)
  - Popovers

SPEC REPOS:
  trunk:
    - ChromaColorPicker
    - InAppSettingsKit
    - MobileVLCKit
    - Popovers

SPEC CHECKSUMS:
  ChromaColorPicker: 307585f2dc23d4d72f24cad320c1e08825cb5c09
  InAppSettingsKit: 37df0b44132380d4c7db6fc7cded92997e29873a
  MobileVLCKit: 144d5f565512d1147d63b0fa1379231b3fd66535
  Popovers: 8690b055b2c9ef433492b40e081b1a0be5859437

PODFILE CHECKSUM: d551c7b70accec723e6f840b39583f216685e16d

COCOAPODS: 1.11.3
