// !$*UTF8*$!
{
	archiveVersion = 1;
	classes = {
	};
	objectVersion = 56;
	objects = {

/* Begin PBXBuildFile section */
		24BCA3FE3E018E4D528F923C /* Pods_WunderLINQ_GoPro.framework in Frameworks */ = {isa = PBXBuildFile; fileRef = 52F7A1ED21FD8B325EED5CAE /* Pods_WunderLINQ_GoPro.framework */; };
		36CDE1DE3DC1116FAD3168DC /* Pods_WunderLINQ_GoPro_WunderLINQ_GoProUITests.framework in Frameworks */ = {isa = PBXBuildFile; fileRef = F9A5BD28343A06ED422EA936 /* Pods_WunderLINQ_GoPro_WunderLINQ_GoProUITests.framework */; };
		6406D171DEAC0B2E4102D48D /* Pods_WunderLINQ_GoProTests.framework in Frameworks */ = {isa = PBXBuildFile; fileRef = B9CB9F5984D7ACDA34942B96 /* Pods_WunderLINQ_GoProTests.framework */; };
		7E046BA32956160D0061A5F4 /* CameraError.swift in Sources */ = {isa = PBXBuildFile; fileRef = 7E046BA22956160D0061A5F4 /* CameraError.swift */; };
		7E046BA9295616C30061A5F4 /* Peripheral.swift in Sources */ = {isa = PBXBuildFile; fileRef = 7E046BA7295616C20061A5F4 /* Peripheral.swift */; };
		7E046BAA295616C30061A5F4 /* Peripheral+Camera.swift in Sources */ = {isa = PBXBuildFile; fileRef = 7E046BA8295616C30061A5F4 /* Peripheral+Camera.swift */; };
		7E046BAB295616C30061A5F4 /* CentralManager.swift in Sources */ = {isa = PBXBuildFile; fileRef = 7E046BA6295616C20061A5F4 /* CentralManager.swift */; };
		7E046BAD295616C60061A5F4 /* Atomic.swift in Sources */ = {isa = PBXBuildFile; fileRef = 7E046BAC295616C60061A5F4 /* Atomic.swift */; };
		7E046BAF295629A90061A5F4 /* CameraViewController.swift in Sources */ = {isa = PBXBuildFile; fileRef = 7E046BAE295629A90061A5F4 /* CameraViewController.swift */; };
		7E046BB1295B59130061A5F4 /* SpinnerViewController.swift in Sources */ = {isa = PBXBuildFile; fileRef = 7E046BB0295B59130061A5F4 /* SpinnerViewController.swift */; };
		7E17C2BB29560E0900CF2E96 /* AppDelegate.swift in Sources */ = {isa = PBXBuildFile; fileRef = 7E17C2BA29560E0900CF2E96 /* AppDelegate.swift */; };
		7E17C2BD29560E0900CF2E96 /* SceneDelegate.swift in Sources */ = {isa = PBXBuildFile; fileRef = 7E17C2BC29560E0900CF2E96 /* SceneDelegate.swift */; };
		7E17C2BF29560E0900CF2E96 /* CameraListController.swift in Sources */ = {isa = PBXBuildFile; fileRef = 7E17C2BE29560E0900CF2E96 /* CameraListController.swift */; };
		7E17C2C229560E0900CF2E96 /* Main.storyboard in Resources */ = {isa = PBXBuildFile; fileRef = 7E17C2C029560E0900CF2E96 /* Main.storyboard */; };
		7E17C2C429560E0B00CF2E96 /* Assets.xcassets in Resources */ = {isa = PBXBuildFile; fileRef = 7E17C2C329560E0B00CF2E96 /* Assets.xcassets */; };
		7E17C2C729560E0B00CF2E96 /* LaunchScreen.storyboard in Resources */ = {isa = PBXBuildFile; fileRef = 7E17C2C529560E0B00CF2E96 /* LaunchScreen.storyboard */; };
		7E17C2D229560E0B00CF2E96 /* WunderLINQ_GoProTests.swift in Sources */ = {isa = PBXBuildFile; fileRef = 7E17C2D129560E0B00CF2E96 /* WunderLINQ_GoProTests.swift */; };
		7E17C2DC29560E0B00CF2E96 /* WunderLINQ_GoProUITests.swift in Sources */ = {isa = PBXBuildFile; fileRef = 7E17C2DB29560E0B00CF2E96 /* WunderLINQ_GoProUITests.swift */; };
		7E17C2DE29560E0B00CF2E96 /* WunderLINQ_GoProUITestsLaunchTests.swift in Sources */ = {isa = PBXBuildFile; fileRef = 7E17C2DD29560E0B00CF2E96 /* WunderLINQ_GoProUITestsLaunchTests.swift */; };
/* End PBXBuildFile section */

/* Begin PBXContainerItemProxy section */
		7E17C2CE29560E0B00CF2E96 /* PBXContainerItemProxy */ = {
			isa = PBXContainerItemProxy;
			containerPortal = 7E17C2AF29560E0900CF2E96 /* Project object */;
			proxyType = 1;
			remoteGlobalIDString = 7E17C2B629560E0900CF2E96;
			remoteInfo = "WunderLINQ-GoPro";
		};
		7E17C2D829560E0B00CF2E96 /* PBXContainerItemProxy */ = {
			isa = PBXContainerItemProxy;
			containerPortal = 7E17C2AF29560E0900CF2E96 /* Project object */;
			proxyType = 1;
			remoteGlobalIDString = 7E17C2B629560E0900CF2E96;
			remoteInfo = "WunderLINQ-GoPro";
		};
/* End PBXContainerItemProxy section */

/* Begin PBXFileReference section */
		10F14A8046D4AB83D15BA1F6 /* Pods-WunderLINQ-GoPro-WunderLINQ-GoProUITests.debug.xcconfig */ = {isa = PBXFileReference; includeInIndex = 1; lastKnownFileType = text.xcconfig; name = "Pods-WunderLINQ-GoPro-WunderLINQ-GoProUITests.debug.xcconfig"; path = "Target Support Files/Pods-WunderLINQ-GoPro-WunderLINQ-GoProUITests/Pods-WunderLINQ-GoPro-WunderLINQ-GoProUITests.debug.xcconfig"; sourceTree = "<group>"; };
		1EDC28A47BBA9F03EC163D77 /* Pods-WunderLINQ-GoPro.debug.xcconfig */ = {isa = PBXFileReference; includeInIndex = 1; lastKnownFileType = text.xcconfig; name = "Pods-WunderLINQ-GoPro.debug.xcconfig"; path = "Target Support Files/Pods-WunderLINQ-GoPro/Pods-WunderLINQ-GoPro.debug.xcconfig"; sourceTree = "<group>"; };
		2EA1DEF85953FF563BF008F2 /* Pods-WunderLINQ-GoProTests.release.xcconfig */ = {isa = PBXFileReference; includeInIndex = 1; lastKnownFileType = text.xcconfig; name = "Pods-WunderLINQ-GoProTests.release.xcconfig"; path = "Target Support Files/Pods-WunderLINQ-GoProTests/Pods-WunderLINQ-GoProTests.release.xcconfig"; sourceTree = "<group>"; };
		52F7A1ED21FD8B325EED5CAE /* Pods_WunderLINQ_GoPro.framework */ = {isa = PBXFileReference; explicitFileType = wrapper.framework; includeInIndex = 0; path = Pods_WunderLINQ_GoPro.framework; sourceTree = BUILT_PRODUCTS_DIR; };
		5DC4BD9FB2607A0D8A8CF053 /* Pods-WunderLINQ-GoPro.release.xcconfig */ = {isa = PBXFileReference; includeInIndex = 1; lastKnownFileType = text.xcconfig; name = "Pods-WunderLINQ-GoPro.release.xcconfig"; path = "Target Support Files/Pods-WunderLINQ-GoPro/Pods-WunderLINQ-GoPro.release.xcconfig"; sourceTree = "<group>"; };
		7DE5F1938781499DB9E5921A /* Pods-WunderLINQ-GoProTests.debug.xcconfig */ = {isa = PBXFileReference; includeInIndex = 1; lastKnownFileType = text.xcconfig; name = "Pods-WunderLINQ-GoProTests.debug.xcconfig"; path = "Target Support Files/Pods-WunderLINQ-GoProTests/Pods-WunderLINQ-GoProTests.debug.xcconfig"; sourceTree = "<group>"; };
		7E046BA22956160D0061A5F4 /* CameraError.swift */ = {isa = PBXFileReference; fileEncoding = 4; lastKnownFileType = sourcecode.swift; path = CameraError.swift; sourceTree = "<group>"; };
		7E046BA6295616C20061A5F4 /* CentralManager.swift */ = {isa = PBXFileReference; lastKnownFileType = sourcecode.swift; path = CentralManager.swift; sourceTree = "<group>"; };
		7E046BA7295616C20061A5F4 /* Peripheral.swift */ = {isa = PBXFileReference; lastKnownFileType = sourcecode.swift; path = Peripheral.swift; sourceTree = "<group>"; };
		7E046BA8295616C30061A5F4 /* Peripheral+Camera.swift */ = {isa = PBXFileReference; lastKnownFileType = sourcecode.swift; path = "Peripheral+Camera.swift"; sourceTree = "<group>"; };
		7E046BAC295616C60061A5F4 /* Atomic.swift */ = {isa = PBXFileReference; lastKnownFileType = sourcecode.swift; path = Atomic.swift; sourceTree = "<group>"; };
		7E046BAE295629A90061A5F4 /* CameraViewController.swift */ = {isa = PBXFileReference; lastKnownFileType = sourcecode.swift; path = CameraViewController.swift; sourceTree = "<group>"; };
		7E046BB0295B59130061A5F4 /* SpinnerViewController.swift */ = {isa = PBXFileReference; lastKnownFileType = sourcecode.swift; path = SpinnerViewController.swift; sourceTree = "<group>"; };
		7E046BB4295B65C30061A5F4 /* WunderLINQ-GoPro.entitlements */ = {isa = PBXFileReference; fileEncoding = 4; lastKnownFileType = text.plist.entitlements; path = "WunderLINQ-GoPro.entitlements"; sourceTree = "<group>"; };
		7E17C2B729560E0900CF2E96 /* WunderLINQ-GoPro.app */ = {isa = PBXFileReference; explicitFileType = wrapper.application; includeInIndex = 0; path = "WunderLINQ-GoPro.app"; sourceTree = BUILT_PRODUCTS_DIR; };
		7E17C2BA29560E0900CF2E96 /* AppDelegate.swift */ = {isa = PBXFileReference; lastKnownFileType = sourcecode.swift; path = AppDelegate.swift; sourceTree = "<group>"; };
		7E17C2BC29560E0900CF2E96 /* SceneDelegate.swift */ = {isa = PBXFileReference; lastKnownFileType = sourcecode.swift; path = SceneDelegate.swift; sourceTree = "<group>"; };
		7E17C2BE29560E0900CF2E96 /* CameraListController.swift */ = {isa = PBXFileReference; lastKnownFileType = sourcecode.swift; path = CameraListController.swift; sourceTree = "<group>"; };
		7E17C2C129560E0900CF2E96 /* Base */ = {isa = PBXFileReference; lastKnownFileType = file.storyboard; name = Base; path = Base.lproj/Main.storyboard; sourceTree = "<group>"; };
		7E17C2C329560E0B00CF2E96 /* Assets.xcassets */ = {isa = PBXFileReference; lastKnownFileType = folder.assetcatalog; path = Assets.xcassets; sourceTree = "<group>"; };
		7E17C2C629560E0B00CF2E96 /* Base */ = {isa = PBXFileReference; lastKnownFileType = file.storyboard; name = Base; path = Base.lproj/LaunchScreen.storyboard; sourceTree = "<group>"; };
		7E17C2C829560E0B00CF2E96 /* Info.plist */ = {isa = PBXFileReference; lastKnownFileType = text.plist.xml; path = Info.plist; sourceTree = "<group>"; };
		7E17C2CD29560E0B00CF2E96 /* WunderLINQ-GoProTests.xctest */ = {isa = PBXFileReference; explicitFileType = wrapper.cfbundle; includeInIndex = 0; path = "WunderLINQ-GoProTests.xctest"; sourceTree = BUILT_PRODUCTS_DIR; };
		7E17C2D129560E0B00CF2E96 /* WunderLINQ_GoProTests.swift */ = {isa = PBXFileReference; lastKnownFileType = sourcecode.swift; path = WunderLINQ_GoProTests.swift; sourceTree = "<group>"; };
		7E17C2D729560E0B00CF2E96 /* WunderLINQ-GoProUITests.xctest */ = {isa = PBXFileReference; explicitFileType = wrapper.cfbundle; includeInIndex = 0; path = "WunderLINQ-GoProUITests.xctest"; sourceTree = BUILT_PRODUCTS_DIR; };
		7E17C2DB29560E0B00CF2E96 /* WunderLINQ_GoProUITests.swift */ = {isa = PBXFileReference; lastKnownFileType = sourcecode.swift; path = WunderLINQ_GoProUITests.swift; sourceTree = "<group>"; };
		7E17C2DD29560E0B00CF2E96 /* WunderLINQ_GoProUITestsLaunchTests.swift */ = {isa = PBXFileReference; lastKnownFileType = sourcecode.swift; path = WunderLINQ_GoProUITestsLaunchTests.swift; sourceTree = "<group>"; };
		8E7EB88A26FD224C0E2890F5 /* Pods-WunderLINQ-GoPro-WunderLINQ-GoProUITests.release.xcconfig */ = {isa = PBXFileReference; includeInIndex = 1; lastKnownFileType = text.xcconfig; name = "Pods-WunderLINQ-GoPro-WunderLINQ-GoProUITests.release.xcconfig"; path = "Target Support Files/Pods-WunderLINQ-GoPro-WunderLINQ-GoProUITests/Pods-WunderLINQ-GoPro-WunderLINQ-GoProUITests.release.xcconfig"; sourceTree = "<group>"; };
		B9CB9F5984D7ACDA34942B96 /* Pods_WunderLINQ_GoProTests.framework */ = {isa = PBXFileReference; explicitFileType = wrapper.framework; includeInIndex = 0; path = Pods_WunderLINQ_GoProTests.framework; sourceTree = BUILT_PRODUCTS_DIR; };
		D896D32B295D1A1800B7FEAD /* WunderLINQ-GoPro-Bridging-Header.h */ = {isa = PBXFileReference; lastKnownFileType = sourcecode.c.h; path = "WunderLINQ-GoPro-Bridging-Header.h"; sourceTree = "<group>"; };
		F9A5BD28343A06ED422EA936 /* Pods_WunderLINQ_GoPro_WunderLINQ_GoProUITests.framework */ = {isa = PBXFileReference; explicitFileType = wrapper.framework; includeInIndex = 0; path = Pods_WunderLINQ_GoPro_WunderLINQ_GoProUITests.framework; sourceTree = BUILT_PRODUCTS_DIR; };
/* End PBXFileReference section */

/* Begin PBXFrameworksBuildPhase section */
		7E17C2B429560E0900CF2E96 /* Frameworks */ = {
			isa = PBXFrameworksBuildPhase;
			buildActionMask = 2147483647;
			files = (
				24BCA3FE3E018E4D528F923C /* Pods_WunderLINQ_GoPro.framework in Frameworks */,
			);
			runOnlyForDeploymentPostprocessing = 0;
		};
		7E17C2CA29560E0B00CF2E96 /* Frameworks */ = {
			isa = PBXFrameworksBuildPhase;
			buildActionMask = 2147483647;
			files = (
				6406D171DEAC0B2E4102D48D /* Pods_WunderLINQ_GoProTests.framework in Frameworks */,
			);
			runOnlyForDeploymentPostprocessing = 0;
		};
		7E17C2D429560E0B00CF2E96 /* Frameworks */ = {
			isa = PBXFrameworksBuildPhase;
			buildActionMask = 2147483647;
			files = (
				36CDE1DE3DC1116FAD3168DC /* Pods_WunderLINQ_GoPro_WunderLINQ_GoProUITests.framework in Frameworks */,
			);
			runOnlyForDeploymentPostprocessing = 0;
		};
/* End PBXFrameworksBuildPhase section */

/* Begin PBXGroup section */
		6CB83AFD58C2E7BA76465852 /* Pods */ = {
			isa = PBXGroup;
			children = (
				1EDC28A47BBA9F03EC163D77 /* Pods-WunderLINQ-GoPro.debug.xcconfig */,
				5DC4BD9FB2607A0D8A8CF053 /* Pods-WunderLINQ-GoPro.release.xcconfig */,
				10F14A8046D4AB83D15BA1F6 /* Pods-WunderLINQ-GoPro-WunderLINQ-GoProUITests.debug.xcconfig */,
				8E7EB88A26FD224C0E2890F5 /* Pods-WunderLINQ-GoPro-WunderLINQ-GoProUITests.release.xcconfig */,
				7DE5F1938781499DB9E5921A /* Pods-WunderLINQ-GoProTests.debug.xcconfig */,
				2EA1DEF85953FF563BF008F2 /* Pods-WunderLINQ-GoProTests.release.xcconfig */,
			);
			path = Pods;
			sourceTree = "<group>";
		};
		7E17C2AE29560E0900CF2E96 = {
			isa = PBXGroup;
			children = (
				7E17C2B929560E0900CF2E96 /* WunderLINQ-GoPro */,
				7E17C2D029560E0B00CF2E96 /* WunderLINQ-GoProTests */,
				7E17C2DA29560E0B00CF2E96 /* WunderLINQ-GoProUITests */,
				7E17C2B829560E0900CF2E96 /* Products */,
				6CB83AFD58C2E7BA76465852 /* Pods */,
				EB519B64F0E020E3311FF77F /* Frameworks */,
			);
			sourceTree = "<group>";
		};
		7E17C2B829560E0900CF2E96 /* Products */ = {
			isa = PBXGroup;
			children = (
				7E17C2B729560E0900CF2E96 /* WunderLINQ-GoPro.app */,
				7E17C2CD29560E0B00CF2E96 /* WunderLINQ-GoProTests.xctest */,
				7E17C2D729560E0B00CF2E96 /* WunderLINQ-GoProUITests.xctest */,
			);
			name = Products;
			sourceTree = "<group>";
		};
		7E17C2B929560E0900CF2E96 /* WunderLINQ-GoPro */ = {
			isa = PBXGroup;
			children = (
				7E046BB4295B65C30061A5F4 /* WunderLINQ-GoPro.entitlements */,
				7E17C2BA29560E0900CF2E96 /* AppDelegate.swift */,
				7E17C2BC29560E0900CF2E96 /* SceneDelegate.swift */,
				7E046BA22956160D0061A5F4 /* CameraError.swift */,
				7E046BB0295B59130061A5F4 /* SpinnerViewController.swift */,
				7E046BAE295629A90061A5F4 /* CameraViewController.swift */,
				7E17C2BE29560E0900CF2E96 /* CameraListController.swift */,
				7E046BA6295616C20061A5F4 /* CentralManager.swift */,
				7E046BA7295616C20061A5F4 /* Peripheral.swift */,
				7E046BA8295616C30061A5F4 /* Peripheral+Camera.swift */,
				7E046BAC295616C60061A5F4 /* Atomic.swift */,
				7E17C2C029560E0900CF2E96 /* Main.storyboard */,
				7E17C2C329560E0B00CF2E96 /* Assets.xcassets */,
				7E17C2C529560E0B00CF2E96 /* LaunchScreen.storyboard */,
				7E17C2C829560E0B00CF2E96 /* Info.plist */,
				D896D32B295D1A1800B7FEAD /* WunderLINQ-GoPro-Bridging-Header.h */,
			);
			path = "WunderLINQ-GoPro";
			sourceTree = "<group>";
		};
		7E17C2D029560E0B00CF2E96 /* WunderLINQ-GoProTests */ = {
			isa = PBXGroup;
			children = (
				7E17C2D129560E0B00CF2E96 /* WunderLINQ_GoProTests.swift */,
			);
			path = "WunderLINQ-GoProTests";
			sourceTree = "<group>";
		};
		7E17C2DA29560E0B00CF2E96 /* WunderLINQ-GoProUITests */ = {
			isa = PBXGroup;
			children = (
				7E17C2DB29560E0B00CF2E96 /* WunderLINQ_GoProUITests.swift */,
				7E17C2DD29560E0B00CF2E96 /* WunderLINQ_GoProUITestsLaunchTests.swift */,
			);
			path = "WunderLINQ-GoProUITests";
			sourceTree = "<group>";
		};
		EB519B64F0E020E3311FF77F /* Frameworks */ = {
			isa = PBXGroup;
			children = (
				52F7A1ED21FD8B325EED5CAE /* Pods_WunderLINQ_GoPro.framework */,
				F9A5BD28343A06ED422EA936 /* Pods_WunderLINQ_GoPro_WunderLINQ_GoProUITests.framework */,
				B9CB9F5984D7ACDA34942B96 /* Pods_WunderLINQ_GoProTests.framework */,
			);
			name = Frameworks;
			sourceTree = "<group>";
		};
/* End PBXGroup section */

/* Begin PBXNativeTarget section */
		7E17C2B629560E0900CF2E96 /* WunderLINQ-GoPro */ = {
			isa = PBXNativeTarget;
			buildConfigurationList = 7E17C2E129560E0B00CF2E96 /* Build configuration list for PBXNativeTarget "WunderLINQ-GoPro" */;
			buildPhases = (
				DD1D0F76426FE60B5128B678 /* [CP] Check Pods Manifest.lock */,
				7E17C2B329560E0900CF2E96 /* Sources */,
				7E17C2B429560E0900CF2E96 /* Frameworks */,
				7E17C2B529560E0900CF2E96 /* Resources */,
				1142D9CF3A69F4E33A0BACC7 /* [CP] Embed Pods Frameworks */,
			);
			buildRules = (
			);
			dependencies = (
			);
			name = "WunderLINQ-GoPro";
			productName = "WunderLINQ-GoPro";
			productReference = 7E17C2B729560E0900CF2E96 /* WunderLINQ-GoPro.app */;
			productType = "com.apple.product-type.application";
		};
		7E17C2CC29560E0B00CF2E96 /* WunderLINQ-GoProTests */ = {
			isa = PBXNativeTarget;
			buildConfigurationList = 7E17C2E429560E0B00CF2E96 /* Build configuration list for PBXNativeTarget "WunderLINQ-GoProTests" */;
			buildPhases = (
				18CFFC635EF14555496E15C3 /* [CP] Check Pods Manifest.lock */,
				7E17C2C929560E0B00CF2E96 /* Sources */,
				7E17C2CA29560E0B00CF2E96 /* Frameworks */,
				7E17C2CB29560E0B00CF2E96 /* Resources */,
			);
			buildRules = (
			);
			dependencies = (
				7E17C2CF29560E0B00CF2E96 /* PBXTargetDependency */,
			);
			name = "WunderLINQ-GoProTests";
			productName = "WunderLINQ-GoProTests";
			productReference = 7E17C2CD29560E0B00CF2E96 /* WunderLINQ-GoProTests.xctest */;
			productType = "com.apple.product-type.bundle.unit-test";
		};
		7E17C2D629560E0B00CF2E96 /* WunderLINQ-GoProUITests */ = {
			isa = PBXNativeTarget;
			buildConfigurationList = 7E17C2E729560E0B00CF2E96 /* Build configuration list for PBXNativeTarget "WunderLINQ-GoProUITests" */;
			buildPhases = (
				66DAA4AF95F7163A5C9D87F4 /* [CP] Check Pods Manifest.lock */,
				7E17C2D329560E0B00CF2E96 /* Sources */,
				7E17C2D429560E0B00CF2E96 /* Frameworks */,
				7E17C2D529560E0B00CF2E96 /* Resources */,
				B83846D360B1777FCE65C501 /* [CP] Embed Pods Frameworks */,
			);
			buildRules = (
			);
			dependencies = (
				7E17C2D929560E0B00CF2E96 /* PBXTargetDependency */,
			);
			name = "WunderLINQ-GoProUITests";
			productName = "WunderLINQ-GoProUITests";
			productReference = 7E17C2D729560E0B00CF2E96 /* WunderLINQ-GoProUITests.xctest */;
			productType = "com.apple.product-type.bundle.ui-testing";
		};
/* End PBXNativeTarget section */

/* Begin PBXProject section */
		7E17C2AF29560E0900CF2E96 /* Project object */ = {
			isa = PBXProject;
			attributes = {
				BuildIndependentTargetsInParallel = 1;
				LastSwiftUpdateCheck = 1420;
				LastUpgradeCheck = 1420;
				TargetAttributes = {
					7E17C2B629560E0900CF2E96 = {
						CreatedOnToolsVersion = 14.2;
						LastSwiftMigration = 1420;
					};
					7E17C2CC29560E0B00CF2E96 = {
						CreatedOnToolsVersion = 14.2;
						TestTargetID = 7E17C2B629560E0900CF2E96;
					};
					7E17C2D629560E0B00CF2E96 = {
						CreatedOnToolsVersion = 14.2;
						TestTargetID = 7E17C2B629560E0900CF2E96;
					};
				};
			};
			buildConfigurationList = 7E17C2B229560E0900CF2E96 /* Build configuration list for PBXProject "WunderLINQ-GoPro" */;
			compatibilityVersion = "Xcode 14.0";
			developmentRegion = en;
			hasScannedForEncodings = 0;
			knownRegions = (
				en,
				Base,
			);
			mainGroup = 7E17C2AE29560E0900CF2E96;
			productRefGroup = 7E17C2B829560E0900CF2E96 /* Products */;
			projectDirPath = "";
			projectRoot = "";
			targets = (
				7E17C2B629560E0900CF2E96 /* WunderLINQ-GoPro */,
				7E17C2CC29560E0B00CF2E96 /* WunderLINQ-GoProTests */,
				7E17C2D629560E0B00CF2E96 /* WunderLINQ-GoProUITests */,
			);
		};
/* End PBXProject section */

/* Begin PBXResourcesBuildPhase section */
		7E17C2B529560E0900CF2E96 /* Resources */ = {
			isa = PBXResourcesBuildPhase;
			buildActionMask = 2147483647;
			files = (
				7E17C2C729560E0B00CF2E96 /* LaunchScreen.storyboard in Resources */,
				7E17C2C429560E0B00CF2E96 /* Assets.xcassets in Resources */,
				7E17C2C229560E0900CF2E96 /* Main.storyboard in Resources */,
			);
			runOnlyForDeploymentPostprocessing = 0;
		};
		7E17C2CB29560E0B00CF2E96 /* Resources */ = {
			isa = PBXResourcesBuildPhase;
			buildActionMask = 2147483647;
			files = (
			);
			runOnlyForDeploymentPostprocessing = 0;
		};
		7E17C2D529560E0B00CF2E96 /* Resources */ = {
			isa = PBXResourcesBuildPhase;
			buildActionMask = 2147483647;
			files = (
			);
			runOnlyForDeploymentPostprocessing = 0;
		};
/* End PBXResourcesBuildPhase section */

/* Begin PBXShellScriptBuildPhase section */
		1142D9CF3A69F4E33A0BACC7 /* [CP] Embed Pods Frameworks */ = {
			isa = PBXShellScriptBuildPhase;
			buildActionMask = 2147483647;
			files = (
			);
			inputFileListPaths = (
				"${PODS_ROOT}/Target Support Files/Pods-WunderLINQ-GoPro/Pods-WunderLINQ-GoPro-frameworks-${CONFIGURATION}-input-files.xcfilelist",
			);
			name = "[CP] Embed Pods Frameworks";
			outputFileListPaths = (
				"${PODS_ROOT}/Target Support Files/Pods-WunderLINQ-GoPro/Pods-WunderLINQ-GoPro-frameworks-${CONFIGURATION}-output-files.xcfilelist",
			);
			runOnlyForDeploymentPostprocessing = 0;
			shellPath = /bin/sh;
			shellScript = "\"${PODS_ROOT}/Target Support Files/Pods-WunderLINQ-GoPro/Pods-WunderLINQ-GoPro-frameworks.sh\"\n";
			showEnvVarsInLog = 0;
		};
		18CFFC635EF14555496E15C3 /* [CP] Check Pods Manifest.lock */ = {
			isa = PBXShellScriptBuildPhase;
			buildActionMask = 2147483647;
			files = (
			);
			inputFileListPaths = (
			);
			inputPaths = (
				"${PODS_PODFILE_DIR_PATH}/Podfile.lock",
				"${PODS_ROOT}/Manifest.lock",
			);
			name = "[CP] Check Pods Manifest.lock";
			outputFileListPaths = (
			);
			outputPaths = (
				"$(DERIVED_FILE_DIR)/Pods-WunderLINQ-GoProTests-checkManifestLockResult.txt",
			);
			runOnlyForDeploymentPostprocessing = 0;
			shellPath = /bin/sh;
			shellScript = "diff \"${PODS_PODFILE_DIR_PATH}/Podfile.lock\" \"${PODS_ROOT}/Manifest.lock\" > /dev/null\nif [ $? != 0 ] ; then\n    # print error to STDERR\n    echo \"error: The sandbox is not in sync with the Podfile.lock. Run 'pod install' or update your CocoaPods installation.\" >&2\n    exit 1\nfi\n# This output is used by Xcode 'outputs' to avoid re-running this script phase.\necho \"SUCCESS\" > \"${SCRIPT_OUTPUT_FILE_0}\"\n";
			showEnvVarsInLog = 0;
		};
		66DAA4AF95F7163A5C9D87F4 /* [CP] Check Pods Manifest.lock */ = {
			isa = PBXShellScriptBuildPhase;
			buildActionMask = 2147483647;
			files = (
			);
			inputFileListPaths = (
			);
			inputPaths = (
				"${PODS_PODFILE_DIR_PATH}/Podfile.lock",
				"${PODS_ROOT}/Manifest.lock",
			);
			name = "[CP] Check Pods Manifest.lock";
			outputFileListPaths = (
			);
			outputPaths = (
				"$(DERIVED_FILE_DIR)/Pods-WunderLINQ-GoPro-WunderLINQ-GoProUITests-checkManifestLockResult.txt",
			);
			runOnlyForDeploymentPostprocessing = 0;
			shellPath = /bin/sh;
			shellScript = "diff \"${PODS_PODFILE_DIR_PATH}/Podfile.lock\" \"${PODS_ROOT}/Manifest.lock\" > /dev/null\nif [ $? != 0 ] ; then\n    # print error to STDERR\n    echo \"error: The sandbox is not in sync with the Podfile.lock. Run 'pod install' or update your CocoaPods installation.\" >&2\n    exit 1\nfi\n# This output is used by Xcode 'outputs' to avoid re-running this script phase.\necho \"SUCCESS\" > \"${SCRIPT_OUTPUT_FILE_0}\"\n";
			showEnvVarsInLog = 0;
		};
		B83846D360B1777FCE65C501 /* [CP] Embed Pods Frameworks */ = {
			isa = PBXShellScriptBuildPhase;
			buildActionMask = 2147483647;
			files = (
			);
			inputFileListPaths = (
				"${PODS_ROOT}/Target Support Files/Pods-WunderLINQ-GoPro-WunderLINQ-GoProUITests/Pods-WunderLINQ-GoPro-WunderLINQ-GoProUITests-frameworks-${CONFIGURATION}-input-files.xcfilelist",
			);
			name = "[CP] Embed Pods Frameworks";
			outputFileListPaths = (
				"${PODS_ROOT}/Target Support Files/Pods-WunderLINQ-GoPro-WunderLINQ-GoProUITests/Pods-WunderLINQ-GoPro-WunderLINQ-GoProUITests-frameworks-${CONFIGURATION}-output-files.xcfilelist",
			);
			runOnlyForDeploymentPostprocessing = 0;
			shellPath = /bin/sh;
			shellScript = "\"${PODS_ROOT}/Target Support Files/Pods-WunderLINQ-GoPro-WunderLINQ-GoProUITests/Pods-WunderLINQ-GoPro-WunderLINQ-GoProUITests-frameworks.sh\"\n";
			showEnvVarsInLog = 0;
		};
		DD1D0F76426FE60B5128B678 /* [CP] Check Pods Manifest.lock */ = {
			isa = PBXShellScriptBuildPhase;
			buildActionMask = 2147483647;
			files = (
			);
			inputFileListPaths = (
			);
			inputPaths = (
				"${PODS_PODFILE_DIR_PATH}/Podfile.lock",
				"${PODS_ROOT}/Manifest.lock",
			);
			name = "[CP] Check Pods Manifest.lock";
			outputFileListPaths = (
			);
			outputPaths = (
				"$(DERIVED_FILE_DIR)/Pods-WunderLINQ-GoPro-checkManifestLockResult.txt",
			);
			runOnlyForDeploymentPostprocessing = 0;
			shellPath = /bin/sh;
			shellScript = "diff \"${PODS_PODFILE_DIR_PATH}/Podfile.lock\" \"${PODS_ROOT}/Manifest.lock\" > /dev/null\nif [ $? != 0 ] ; then\n    # print error to STDERR\n    echo \"error: The sandbox is not in sync with the Podfile.lock. Run 'pod install' or update your CocoaPods installation.\" >&2\n    exit 1\nfi\n# This output is used by Xcode 'outputs' to avoid re-running this script phase.\necho \"SUCCESS\" > \"${SCRIPT_OUTPUT_FILE_0}\"\n";
			showEnvVarsInLog = 0;
		};
/* End PBXShellScriptBuildPhase section */

/* Begin PBXSourcesBuildPhase section */
		7E17C2B329560E0900CF2E96 /* Sources */ = {
			isa = PBXSourcesBuildPhase;
			buildActionMask = 2147483647;
			files = (
				7E046BA9295616C30061A5F4 /* Peripheral.swift in Sources */,
				7E17C2BF29560E0900CF2E96 /* CameraListController.swift in Sources */,
				7E046BAA295616C30061A5F4 /* Peripheral+Camera.swift in Sources */,
				7E17C2BB29560E0900CF2E96 /* AppDelegate.swift in Sources */,
				7E046BB1295B59130061A5F4 /* SpinnerViewController.swift in Sources */,
				7E046BAD295616C60061A5F4 /* Atomic.swift in Sources */,
				7E17C2BD29560E0900CF2E96 /* SceneDelegate.swift in Sources */,
				7E046BA32956160D0061A5F4 /* CameraError.swift in Sources */,
				7E046BAB295616C30061A5F4 /* CentralManager.swift in Sources */,
				7E046BAF295629A90061A5F4 /* CameraViewController.swift in Sources */,
			);
			runOnlyForDeploymentPostprocessing = 0;
		};
		7E17C2C929560E0B00CF2E96 /* Sources */ = {
			isa = PBXSourcesBuildPhase;
			buildActionMask = 2147483647;
			files = (
				7E17C2D229560E0B00CF2E96 /* WunderLINQ_GoProTests.swift in Sources */,
			);
			runOnlyForDeploymentPostprocessing = 0;
		};
		7E17C2D329560E0B00CF2E96 /* Sources */ = {
			isa = PBXSourcesBuildPhase;
			buildActionMask = 2147483647;
			files = (
				7E17C2DC29560E0B00CF2E96 /* WunderLINQ_GoProUITests.swift in Sources */,
				7E17C2DE29560E0B00CF2E96 /* WunderLINQ_GoProUITestsLaunchTests.swift in Sources */,
			);
			runOnlyForDeploymentPostprocessing = 0;
		};
/* End PBXSourcesBuildPhase section */

/* Begin PBXTargetDependency section */
		7E17C2CF29560E0B00CF2E96 /* PBXTargetDependency */ = {
			isa = PBXTargetDependency;
			target = 7E17C2B629560E0900CF2E96 /* WunderLINQ-GoPro */;
			targetProxy = 7E17C2CE29560E0B00CF2E96 /* PBXContainerItemProxy */;
		};
		7E17C2D929560E0B00CF2E96 /* PBXTargetDependency */ = {
			isa = PBXTargetDependency;
			target = 7E17C2B629560E0900CF2E96 /* WunderLINQ-GoPro */;
			targetProxy = 7E17C2D829560E0B00CF2E96 /* PBXContainerItemProxy */;
		};
/* End PBXTargetDependency section */

/* Begin PBXVariantGroup section */
		7E17C2C029560E0900CF2E96 /* Main.storyboard */ = {
			isa = PBXVariantGroup;
			children = (
				7E17C2C129560E0900CF2E96 /* Base */,
			);
			name = Main.storyboard;
			sourceTree = "<group>";
		};
		7E17C2C529560E0B00CF2E96 /* LaunchScreen.storyboard */ = {
			isa = PBXVariantGroup;
			children = (
				7E17C2C629560E0B00CF2E96 /* Base */,
			);
			name = LaunchScreen.storyboard;
			sourceTree = "<group>";
		};
/* End PBXVariantGroup section */

/* Begin XCBuildConfiguration section */
		7E17C2DF29560E0B00CF2E96 /* Debug */ = {
			isa = XCBuildConfiguration;
			buildSettings = {
				ALWAYS_SEARCH_USER_PATHS = NO;
				CLANG_ANALYZER_NONNULL = YES;
				CLANG_ANALYZER_NUMBER_OBJECT_CONVERSION = YES_AGGRESSIVE;
				CLANG_CXX_LANGUAGE_STANDARD = "gnu++20";
				CLANG_ENABLE_MODULES = YES;
				CLANG_ENABLE_OBJC_ARC = YES;
				CLANG_ENABLE_OBJC_WEAK = YES;
				CLANG_WARN_BLOCK_CAPTURE_AUTORELEASING = YES;
				CLANG_WARN_BOOL_CONVERSION = YES;
				CLANG_WARN_COMMA = YES;
				CLANG_WARN_CONSTANT_CONVERSION = YES;
				CLANG_WARN_DEPRECATED_OBJC_IMPLEMENTATIONS = YES;
				CLANG_WARN_DIRECT_OBJC_ISA_USAGE = YES_ERROR;
				CLANG_WARN_DOCUMENTATION_COMMENTS = YES;
				CLANG_WARN_EMPTY_BODY = YES;
				CLANG_WARN_ENUM_CONVERSION = YES;
				CLANG_WARN_INFINITE_RECURSION = YES;
				CLANG_WARN_INT_CONVERSION = YES;
				CLANG_WARN_NON_LITERAL_NULL_CONVERSION = YES;
				CLANG_WARN_OBJC_IMPLICIT_RETAIN_SELF = YES;
				CLANG_WARN_OBJC_LITERAL_CONVERSION = YES;
				CLANG_WARN_OBJC_ROOT_CLASS = YES_ERROR;
				CLANG_WARN_QUOTED_INCLUDE_IN_FRAMEWORK_HEADER = YES;
				CLANG_WARN_RANGE_LOOP_ANALYSIS = YES;
				CLANG_WARN_STRICT_PROTOTYPES = YES;
				CLANG_WARN_SUSPICIOUS_MOVE = YES;
				CLANG_WARN_UNGUARDED_AVAILABILITY = YES_AGGRESSIVE;
				CLANG_WARN_UNREACHABLE_CODE = YES;
				CLANG_WARN__DUPLICATE_METHOD_MATCH = YES;
				COPY_PHASE_STRIP = NO;
				DEBUG_INFORMATION_FORMAT = dwarf;
				ENABLE_STRICT_OBJC_MSGSEND = YES;
				ENABLE_TESTABILITY = YES;
				GCC_C_LANGUAGE_STANDARD = gnu11;
				GCC_DYNAMIC_NO_PIC = NO;
				GCC_NO_COMMON_BLOCKS = YES;
				GCC_OPTIMIZATION_LEVEL = 0;
				GCC_PREPROCESSOR_DEFINITIONS = (
					"DEBUG=1",
					"$(inherited)",
				);
				GCC_WARN_64_TO_32_BIT_CONVERSION = YES;
				GCC_WARN_ABOUT_RETURN_TYPE = YES_ERROR;
				GCC_WARN_UNDECLARED_SELECTOR = YES;
				GCC_WARN_UNINITIALIZED_AUTOS = YES_AGGRESSIVE;
				GCC_WARN_UNUSED_FUNCTION = YES;
				GCC_WARN_UNUSED_VARIABLE = YES;
				IPHONEOS_DEPLOYMENT_TARGET = 16.2;
				MTL_ENABLE_DEBUG_INFO = INCLUDE_SOURCE;
				MTL_FAST_MATH = YES;
				ONLY_ACTIVE_ARCH = YES;
				SDKROOT = iphoneos;
				SWIFT_ACTIVE_COMPILATION_CONDITIONS = DEBUG;
				SWIFT_OPTIMIZATION_LEVEL = "-Onone";
			};
			name = Debug;
		};
		7E17C2E029560E0B00CF2E96 /* Release */ = {
			isa = XCBuildConfiguration;
			buildSettings = {
				ALWAYS_SEARCH_USER_PATHS = NO;
				CLANG_ANALYZER_NONNULL = YES;
				CLANG_ANALYZER_NUMBER_OBJECT_CONVERSION = YES_AGGRESSIVE;
				CLANG_CXX_LANGUAGE_STANDARD = "gnu++20";
				CLANG_ENABLE_MODULES = YES;
				CLANG_ENABLE_OBJC_ARC = YES;
				CLANG_ENABLE_OBJC_WEAK = YES;
				CLANG_WARN_BLOCK_CAPTURE_AUTORELEASING = YES;
				CLANG_WARN_BOOL_CONVERSION = YES;
				CLANG_WARN_COMMA = YES;
				CLANG_WARN_CONSTANT_CONVERSION = YES;
				CLANG_WARN_DEPRECATED_OBJC_IMPLEMENTATIONS = YES;
				CLANG_WARN_DIRECT_OBJC_ISA_USAGE = YES_ERROR;
				CLANG_WARN_DOCUMENTATION_COMMENTS = YES;
				CLANG_WARN_EMPTY_BODY = YES;
				CLANG_WARN_ENUM_CONVERSION = YES;
				CLANG_WARN_INFINITE_RECURSION = YES;
				CLANG_WARN_INT_CONVERSION = YES;
				CLANG_WARN_NON_LITERAL_NULL_CONVERSION = YES;
				CLANG_WARN_OBJC_IMPLICIT_RETAIN_SELF = YES;
				CLANG_WARN_OBJC_LITERAL_CONVERSION = YES;
				CLANG_WARN_OBJC_ROOT_CLASS = YES_ERROR;
				CLANG_WARN_QUOTED_INCLUDE_IN_FRAMEWORK_HEADER = YES;
				CLANG_WARN_RANGE_LOOP_ANALYSIS = YES;
				CLANG_WARN_STRICT_PROTOTYPES = YES;
				CLANG_WARN_SUSPICIOUS_MOVE = YES;
				CLANG_WARN_UNGUARDED_AVAILABILITY = YES_AGGRESSIVE;
				CLANG_WARN_UNREACHABLE_CODE = YES;
				CLANG_WARN__DUPLICATE_METHOD_MATCH = YES;
				COPY_PHASE_STRIP = NO;
				DEBUG_INFORMATION_FORMAT = "dwarf-with-dsym";
				ENABLE_NS_ASSERTIONS = NO;
				ENABLE_STRICT_OBJC_MSGSEND = YES;
				GCC_C_LANGUAGE_STANDARD = gnu11;
				GCC_NO_COMMON_BLOCKS = YES;
				GCC_WARN_64_TO_32_BIT_CONVERSION = YES;
				GCC_WARN_ABOUT_RETURN_TYPE = YES_ERROR;
				GCC_WARN_UNDECLARED_SELECTOR = YES;
				GCC_WARN_UNINITIALIZED_AUTOS = YES_AGGRESSIVE;
				GCC_WARN_UNUSED_FUNCTION = YES;
				GCC_WARN_UNUSED_VARIABLE = YES;
				IPHONEOS_DEPLOYMENT_TARGET = 16.2;
				MTL_ENABLE_DEBUG_INFO = NO;
				MTL_FAST_MATH = YES;
				SDKROOT = iphoneos;
				SWIFT_COMPILATION_MODE = wholemodule;
				SWIFT_OPTIMIZATION_LEVEL = "-O";
				VALIDATE_PRODUCT = YES;
			};
			name = Release;
		};
		7E17C2E229560E0B00CF2E96 /* Debug */ = {
			isa = XCBuildConfiguration;
			baseConfigurationReference = 1EDC28A47BBA9F03EC163D77 /* Pods-WunderLINQ-GoPro.debug.xcconfig */;
			buildSettings = {
				ASSETCATALOG_COMPILER_APPICON_NAME = AppIcon;
				ASSETCATALOG_COMPILER_GLOBAL_ACCENT_COLOR_NAME = AccentColor;
				CLANG_ENABLE_MODULES = YES;
				CODE_SIGN_ENTITLEMENTS = "WunderLINQ-GoPro/WunderLINQ-GoPro.entitlements";
				CODE_SIGN_STYLE = Automatic;
				CURRENT_PROJECT_VERSION = 1;
				DEVELOPMENT_TEAM = 3J48UMN5W2;
				GENERATE_INFOPLIST_FILE = YES;
				INFOPLIST_FILE = "WunderLINQ-GoPro/Info.plist";
				INFOPLIST_KEY_UIApplicationSupportsIndirectInputEvents = YES;
				INFOPLIST_KEY_UILaunchStoryboardName = LaunchScreen;
				INFOPLIST_KEY_UIMainStoryboardFile = Main;
				INFOPLIST_KEY_UISupportedInterfaceOrientations_iPad = "UIInterfaceOrientationPortrait UIInterfaceOrientationPortraitUpsideDown UIInterfaceOrientationLandscapeLeft UIInterfaceOrientationLandscapeRight";
				INFOPLIST_KEY_UISupportedInterfaceOrientations_iPhone = "UIInterfaceOrientationPortrait UIInterfaceOrientationLandscapeLeft UIInterfaceOrientationLandscapeRight";
				IPHONEOS_DEPLOYMENT_TARGET = 13.0;
				LD_RUNPATH_SEARCH_PATHS = (
					"$(inherited)",
					"@executable_path/Frameworks",
				);
				MARKETING_VERSION = 1.0;
				PRODUCT_BUNDLE_IDENTIFIER = "com.blackboxembedded.WunderLINQ-GoPro";
				PRODUCT_NAME = "$(TARGET_NAME)";
				SWIFT_EMIT_LOC_STRINGS = YES;
				SWIFT_OBJC_BRIDGING_HEADER = "WunderLINQ-GoPro/WunderLINQ-GoPro-Bridging-Header.h";
				SWIFT_OPTIMIZATION_LEVEL = "-Onone";
				SWIFT_VERSION = 5.0;
				TARGETED_DEVICE_FAMILY = "1,2";
			};
			name = Debug;
		};
		7E17C2E329560E0B00CF2E96 /* Release */ = {
			isa = XCBuildConfiguration;
			baseConfigurationReference = 5DC4BD9FB2607A0D8A8CF053 /* Pods-WunderLINQ-GoPro.release.xcconfig */;
			buildSettings = {
				ASSETCATALOG_COMPILER_APPICON_NAME = AppIcon;
				ASSETCATALOG_COMPILER_GLOBAL_ACCENT_COLOR_NAME = AccentColor;
				CLANG_ENABLE_MODULES = YES;
				CODE_SIGN_ENTITLEMENTS = "WunderLINQ-GoPro/WunderLINQ-GoPro.entitlements";
				CODE_SIGN_STYLE = Automatic;
				CURRENT_PROJECT_VERSION = 1;
				DEVELOPMENT_TEAM = 3J48UMN5W2;
				GENERATE_INFOPLIST_FILE = YES;
				INFOPLIST_FILE = "WunderLINQ-GoPro/Info.plist";
				INFOPLIST_KEY_UIApplicationSupportsIndirectInputEvents = YES;
				INFOPLIST_KEY_UILaunchStoryboardName = LaunchScreen;
				INFOPLIST_KEY_UIMainStoryboardFile = Main;
				INFOPLIST_KEY_UISupportedInterfaceOrientations_iPad = "UIInterfaceOrientationPortrait UIInterfaceOrientationPortraitUpsideDown UIInterfaceOrientationLandscapeLeft UIInterfaceOrientationLandscapeRight";
				INFOPLIST_KEY_UISupportedInterfaceOrientations_iPhone = "UIInterfaceOrientationPortrait UIInterfaceOrientationLandscapeLeft UIInterfaceOrientationLandscapeRight";
				IPHONEOS_DEPLOYMENT_TARGET = 13.0;
				LD_RUNPATH_SEARCH_PATHS = (
					"$(inherited)",
					"@executable_path/Frameworks",
				);
				MARKETING_VERSION = 1.0;
				PRODUCT_BUNDLE_IDENTIFIER = "com.blackboxembedded.WunderLINQ-GoPro";
				PRODUCT_NAME = "$(TARGET_NAME)";
				SWIFT_EMIT_LOC_STRINGS = YES;
				SWIFT_OBJC_BRIDGING_HEADER = "WunderLINQ-GoPro/WunderLINQ-GoPro-Bridging-Header.h";
				SWIFT_VERSION = 5.0;
				TARGETED_DEVICE_FAMILY = "1,2";
			};
			name = Release;
		};
		7E17C2E529560E0B00CF2E96 /* Debug */ = {
			isa = XCBuildConfiguration;
			baseConfigurationReference = 7DE5F1938781499DB9E5921A /* Pods-WunderLINQ-GoProTests.debug.xcconfig */;
			buildSettings = {
				ALWAYS_EMBED_SWIFT_STANDARD_LIBRARIES = YES;
				BUNDLE_LOADER = "$(TEST_HOST)";
				CODE_SIGN_STYLE = Automatic;
				CURRENT_PROJECT_VERSION = 1;
				DEVELOPMENT_TEAM = 3J48UMN5W2;
				GENERATE_INFOPLIST_FILE = YES;
				IPHONEOS_DEPLOYMENT_TARGET = 16.2;
				MARKETING_VERSION = 1.0;
				PRODUCT_BUNDLE_IDENTIFIER = "com.blackboxembedded.WunderLINQ-GoProTests";
				PRODUCT_NAME = "$(TARGET_NAME)";
				SWIFT_EMIT_LOC_STRINGS = NO;
				SWIFT_VERSION = 5.0;
				TARGETED_DEVICE_FAMILY = "1,2";
				TEST_HOST = "$(BUILT_PRODUCTS_DIR)/WunderLINQ-GoPro.app/$(BUNDLE_EXECUTABLE_FOLDER_PATH)/WunderLINQ-GoPro";
			};
			name = Debug;
		};
		7E17C2E629560E0B00CF2E96 /* Release */ = {
			isa = XCBuildConfiguration;
			baseConfigurationReference = 2EA1DEF85953FF563BF008F2 /* Pods-WunderLINQ-GoProTests.release.xcconfig */;
			buildSettings = {
				ALWAYS_EMBED_SWIFT_STANDARD_LIBRARIES = YES;
				BUNDLE_LOADER = "$(TEST_HOST)";
				CODE_SIGN_STYLE = Automatic;
				CURRENT_PROJECT_VERSION = 1;
				DEVELOPMENT_TEAM = 3J48UMN5W2;
				GENERATE_INFOPLIST_FILE = YES;
				IPHONEOS_DEPLOYMENT_TARGET = 16.2;
				MARKETING_VERSION = 1.0;
				PRODUCT_BUNDLE_IDENTIFIER = "com.blackboxembedded.WunderLINQ-GoProTests";
				PRODUCT_NAME = "$(TARGET_NAME)";
				SWIFT_EMIT_LOC_STRINGS = NO;
				SWIFT_VERSION = 5.0;
				TARGETED_DEVICE_FAMILY = "1,2";
				TEST_HOST = "$(BUILT_PRODUCTS_DIR)/WunderLINQ-GoPro.app/$(BUNDLE_EXECUTABLE_FOLDER_PATH)/WunderLINQ-GoPro";
			};
			name = Release;
		};
		7E17C2E829560E0B00CF2E96 /* Debug */ = {
			isa = XCBuildConfiguration;
			baseConfigurationReference = 10F14A8046D4AB83D15BA1F6 /* Pods-WunderLINQ-GoPro-WunderLINQ-GoProUITests.debug.xcconfig */;
			buildSettings = {
				ALWAYS_EMBED_SWIFT_STANDARD_LIBRARIES = YES;
				CODE_SIGN_STYLE = Automatic;
				CURRENT_PROJECT_VERSION = 1;
				DEVELOPMENT_TEAM = 3J48UMN5W2;
				GENERATE_INFOPLIST_FILE = YES;
				MARKETING_VERSION = 1.0;
				PRODUCT_BUNDLE_IDENTIFIER = "com.blackboxembedded.WunderLINQ-GoProUITests";
				PRODUCT_NAME = "$(TARGET_NAME)";
				SWIFT_EMIT_LOC_STRINGS = NO;
				SWIFT_VERSION = 5.0;
				TARGETED_DEVICE_FAMILY = "1,2";
				TEST_TARGET_NAME = "WunderLINQ-GoPro";
			};
			name = Debug;
		};
		7E17C2E929560E0B00CF2E96 /* Release */ = {
			isa = XCBuildConfiguration;
			baseConfigurationReference = 8E7EB88A26FD224C0E2890F5 /* Pods-WunderLINQ-GoPro-WunderLINQ-GoProUITests.release.xcconfig */;
			buildSettings = {
				ALWAYS_EMBED_SWIFT_STANDARD_LIBRARIES = YES;
				CODE_SIGN_STYLE = Automatic;
				CURRENT_PROJECT_VERSION = 1;
				DEVELOPMENT_TEAM = 3J48UMN5W2;
				GENERATE_INFOPLIST_FILE = YES;
				MARKETING_VERSION = 1.0;
				PRODUCT_BUNDLE_IDENTIFIER = "com.blackboxembedded.WunderLINQ-GoProUITests";
				PRODUCT_NAME = "$(TARGET_NAME)";
				SWIFT_EMIT_LOC_STRINGS = NO;
				SWIFT_VERSION = 5.0;
				TARGETED_DEVICE_FAMILY = "1,2";
				TEST_TARGET_NAME = "WunderLINQ-GoPro";
			};
			name = Release;
		};
/* End XCBuildConfiguration section */

/* Begin XCConfigurationList section */
		7E17C2B229560E0900CF2E96 /* Build configuration list for PBXProject "WunderLINQ-GoPro" */ = {
			isa = XCConfigurationList;
			buildConfigurations = (
				7E17C2DF29560E0B00CF2E96 /* Debug */,
				7E17C2E029560E0B00CF2E96 /* Release */,
			);
			defaultConfigurationIsVisible = 0;
			defaultConfigurationName = Release;
		};
		7E17C2E129560E0B00CF2E96 /* Build configuration list for PBXNativeTarget "WunderLINQ-GoPro" */ = {
			isa = XCConfigurationList;
			buildConfigurations = (
				7E17C2E229560E0B00CF2E96 /* Debug */,
				7E17C2E329560E0B00CF2E96 /* Release */,
			);
			defaultConfigurationIsVisible = 0;
			defaultConfigurationName = Release;
		};
		7E17C2E429560E0B00CF2E96 /* Build configuration list for PBXNativeTarget "WunderLINQ-GoProTests" */ = {
			isa = XCConfigurationList;
			buildConfigurations = (
				7E17C2E529560E0B00CF2E96 /* Debug */,
				7E17C2E629560E0B00CF2E96 /* Release */,
			);
			defaultConfigurationIsVisible = 0;
			defaultConfigurationName = Release;
		};
		7E17C2E729560E0B00CF2E96 /* Build configuration list for PBXNativeTarget "WunderLINQ-GoProUITests" */ = {
			isa = XCConfigurationList;
			buildConfigurations = (
				7E17C2E829560E0B00CF2E96 /* Debug */,
				7E17C2E929560E0B00CF2E96 /* Release */,
			);
			defaultConfigurationIsVisible = 0;
			defaultConfigurationName = Release;
		};
/* End XCConfigurationList section */
	};
	rootObject = 7E17C2AF29560E0900CF2E96 /* Project object */;
}
